
Microsoft Visual Studio Solution File, Format Version 12.00
# Visual Studio Version 17
VisualStudioVersion = 17.4.33205.214
MinimumVisualStudioVersion = 10.0.40219.1
Project("{9A19103F-16F7-4668-BE54-9A1E7A4F7556}") = "Odev", "Odev\Odev.csproj", "{4F1A1BA4-6B74-4E17-A111-CE39B1D8DAD9}"
EndProject
Project("{9A19103F-16F7-4668-BE54-9A1E7A4F7556}") = "Odev.Business", "Odev.Business\Odev.Business.csproj", "{7A7736D1-DA9F-49FA-B1CC-3433287CDDBA}"
EndProject
Project("{9A19103F-16F7-4668-BE54-9A1E7A4F7556}") = "Odev.Core", "Odev.Core\Odev.Core.csproj", "{7785E792-B160-47E0-AC17-85061F070BB7}"
EndProject
Project("{9A19103F-16F7-4668-BE54-9A1E7A4F7556}") = "Odev.DAL", "Odev.DAL\Odev.DAL.csproj", "{E0AAAAD7-DC93-4A35-BCFE-498F31C4FF1D}"
EndProject
Project("{9A19103F-16F7-4668-BE54-9A1E7A4F7556}") = "Odev.Entities", "Odev.Entities\Odev.Entities.csproj", "{EB1C15BB-A6CB-4B21-9845-1FD2A341C98F}"
EndProject
Global
	GlobalSection(SolutionConfigurationPlatforms) = preSolution
		Debug|Any CPU = Debug|Any CPU
		Release|Any CPU = Release|Any CPU
	EndGlobalSection
	GlobalSection(ProjectConfigurationPlatforms) = postSolution
		{4F1A1BA4-6B74-4E17-A111-CE39B1D8DAD9}.Debug|Any CPU.ActiveCfg = Debug|Any CPU
		{4F1A1BA4-6B74-4E17-A111-CE39B1D8DAD9}.Debug|Any CPU.Build.0 = Debug|Any CPU
		{4F1A1BA4-6B74-4E17-A111-CE39B1D8DAD9}.Release|Any CPU.ActiveCfg = Release|Any CPU
		{4F1A1BA4-6B74-4E17-A111-CE39B1D8DAD9}.Release|Any CPU.Build.0 = Release|Any CPU
		{7A7736D1-DA9F-49FA-B1CC-3433287CDDBA}.Debug|Any CPU.ActiveCfg = Debug|Any CPU
		{7A7736D1-DA9F-49FA-B1CC-3433287CDDBA}.Debug|Any CPU.Build.0 = Debug|Any CPU
		{7A7736D1-DA9F-49FA-B1CC-3433287CDDBA}.Release|Any CPU.ActiveCfg = Release|Any CPU
		{7A7736D1-DA9F-49FA-B1CC-3433287CDDBA}.Release|Any CPU.Build.0 = Release|Any CPU
		{7785E792-B160-47E0-AC17-85061F070BB7}.Debug|Any CPU.ActiveCfg = Debug|Any CPU
		{7785E792-B160-47E0-AC17-85061F070BB7}.Debug|Any CPU.Build.0 = Debug|Any CPU
		{7785E792-B160-47E0-AC17-85061F070BB7}.Release|Any CPU.ActiveCfg = Release|Any CPU
		{7785E792-B160-47E0-AC17-85061F070BB7}.Release|Any CPU.Build.0 = Release|Any CPU
		{E0AAAAD7-DC93-4A35-BCFE-498F31C4FF1D}.Debug|Any CPU.ActiveCfg = Debug|Any CPU
		{E0AAAAD7-DC93-4A35-BCFE-498F31C4FF1D}.Debug|Any CPU.Build.0 = Debug|Any CPU
		{E0AAAAD7-DC93-4A35-BCFE-498F31C4FF1D}.Release|Any CPU.ActiveCfg = Release|Any CPU
		{E0AAAAD7-DC93-4A35-BCFE-498F31C4FF1D}.Release|Any CPU.Build.0 = Release|Any CPU
		{EB1C15BB-A6CB-4B21-9845-1FD2A341C98F}.Debug|Any CPU.ActiveCfg = Debug|Any CPU
		{EB1C15BB-A6CB-4B21-9845-1FD2A341C98F}.Debug|Any CPU.Build.0 = Debug|Any CPU
		{EB1C15BB-A6CB-4B21-9845-1FD2A341C98F}.Release|Any CPU.ActiveCfg = Release|Any CPU
		{EB1C15BB-A6CB-4B21-9845-1FD2A341C98F}.Release|Any CPU.Build.0 = Release|Any CPU
	EndGlobalSection
	GlobalSection(SolutionProperties) = preSolution
		HideSolutionNode = FALSE
	EndGlobalSection
	GlobalSection(ExtensibilityGlobals) = postSolution
		SolutionGuid = {7FC2CBD3-104F-47FE-908D-375A8D9CA579}
	EndGlobalSection
EndGlobal
